
Microsoft Visual Studio Solution File, Format Version 12.00
# Visual Studio Version 16
VisualStudioVersion = 16.0.31424.327
MinimumVisualStudioVersion = 10.0.40219.1
Project("{9A19103F-16F7-4668-BE54-9A1E7A4F7556}") = "HotelApplication", "HotelApplication\HotelApplication.csproj", "{547CC9E1-560F-4B79-BB3E-56990A93E808}"
EndProject
Project("{FAE04EC0-301F-11D3-BF4B-00C04F79EFBC}") = "HotelApplication.Domain", "HotelApplication.Domain\HotelApplication.Domain.csproj", "{70825764-7691-415A-9790-B62B1F29820F}"
EndProject
Global
	GlobalSection(SolutionConfigurationPlatforms) = preSolution
		Debug|Any CPU = Debug|Any CPU
		Release|Any CPU = Release|Any CPU
	EndGlobalSection
	GlobalSection(ProjectConfigurationPlatforms) = postSolution
		{547CC9E1-560F-4B79-BB3E-56990A93E808}.Debug|Any CPU.ActiveCfg = Debug|Any CPU
		{547CC9E1-560F-4B79-BB3E-56990A93E808}.Debug|Any CPU.Build.0 = Debug|Any CPU
		{547CC9E1-560F-4B79-BB3E-56990A93E808}.Release|Any CPU.ActiveCfg = Release|Any CPU
		{547CC9E1-560F-4B79-BB3E-56990A93E808}.Release|Any CPU.Build.0 = Release|Any CPU
		{70825764-7691-415A-9790-B62B1F29820F}.Debug|Any CPU.ActiveCfg = Debug|Any CPU
		{70825764-7691-415A-9790-B62B1F29820F}.Debug|Any CPU.Build.0 = Debug|Any CPU
		{70825764-7691-415A-9790-B62B1F29820F}.Release|Any CPU.ActiveCfg = Release|Any CPU
		{70825764-7691-415A-9790-B62B1F29820F}.Release|Any CPU.Build.0 = Release|Any CPU
	EndGlobalSection
	GlobalSection(SolutionProperties) = preSolution
		HideSolutionNode = FALSE
	EndGlobalSection
	GlobalSection(ExtensibilityGlobals) = postSolution
		SolutionGuid = {301DC645-C4F1-40B3-8DB9-592DDA460BBF}
	EndGlobalSection
EndGlobal
